
Microsoft Visual Studio Solution File, Format Version 12.00
# Visual Studio Version 17
VisualStudioVersion = 17.4.33205.214
MinimumVisualStudioVersion = 10.0.40219.1
Project("{9A19103F-16F7-4668-BE54-9A1E7A4F7556}") = "PictureLibraryModel", "PictureLibraryModel\PictureLibraryModel.csproj", "{A9231CC0-7AC2-4BB3-8DCC-40427B004E9B}"
EndProject
Project("{9A19103F-16F7-4668-BE54-9A1E7A4F7556}") = "PictureLibrary.Infrastructure.UI", "PictureLibrary.Infrastructure.UI\PictureLibrary.Infrastructure.UI.csproj", "{B50B5B1F-175E-4F56-8200-76C06AFB30E2}"
EndProject
Project("{9A19103F-16F7-4668-BE54-9A1E7A4F7556}") = "PictureLibrary.DataAccess", "PictureLibrary.DataAccess\PictureLibrary.DataAccess.csproj", "{622749AE-B107-42F8-877C-F21C7E1AFD97}"
EndProject
Project("{9A19103F-16F7-4668-BE54-9A1E7A4F7556}") = "PictureLibrary.GoogleDrive", "PictureLibrary.GoogleDrive\PictureLibrary.GoogleDrive.csproj", "{0C9B5437-68C2-4932-8ECF-D30D237DD065}"
EndProject
Project("{9A19103F-16F7-4668-BE54-9A1E7A4F7556}") = "PictureLibrary.FileSystem.API", "PictureLibrary.FileSystem.API\PictureLibrary.FileSystem.API.csproj", "{21CC8E65-F0F3-4997-A8B4-9C9DAC0E1734}"
EndProject
Project("{9A19103F-16F7-4668-BE54-9A1E7A4F7556}") = "PictureLibrary.MAUI", "PictureLibrary.MAUI\PictureLibrary.MAUI.csproj", "{8A16FCF8-00D0-462E-8990-01E8BDD8B98F}"
EndProject
Project("{9A19103F-16F7-4668-BE54-9A1E7A4F7556}") = "PictureLibrary.Tools", "PictureLibrary.Tools\PictureLibrary.Tools.csproj", "{5761C5AB-5408-4B44-84D7-E388F953869C}"
EndProject
Project("{9A19103F-16F7-4668-BE54-9A1E7A4F7556}") = "PictureLibrary.Settings", "PictureLibrary.Settings\PictureLibrary.Settings.csproj", "{AE74F59D-5E40-44A7-935A-3F6CD78A4DE4}"
EndProject
Project("{9A19103F-16F7-4668-BE54-9A1E7A4F7556}") = "PictureLibrary.Infrastructure", "PictureLibrary.Infrastructure\PictureLibrary.Infrastructure.csproj", "{C563661A-6754-4DA7-B8E6-8503E1ADAF82}"
EndProject
Project("{9A19103F-16F7-4668-BE54-9A1E7A4F7556}") = "PictureLibrary.APIClient", "PictureLibrary.APIClient\PictureLibrary.APIClient.csproj", "{3D9B7EA9-7C40-4ACA-B3EB-67EF023491BF}"
EndProject
Global
	GlobalSection(SolutionConfigurationPlatforms) = preSolution
		Debug|Any CPU = Debug|Any CPU
		Release|Any CPU = Release|Any CPU
	EndGlobalSection
	GlobalSection(ProjectConfigurationPlatforms) = postSolution
		{A9231CC0-7AC2-4BB3-8DCC-40427B004E9B}.Debug|Any CPU.ActiveCfg = Debug|Any CPU
		{A9231CC0-7AC2-4BB3-8DCC-40427B004E9B}.Debug|Any CPU.Build.0 = Debug|Any CPU
		{A9231CC0-7AC2-4BB3-8DCC-40427B004E9B}.Release|Any CPU.ActiveCfg = Release|Any CPU
		{A9231CC0-7AC2-4BB3-8DCC-40427B004E9B}.Release|Any CPU.Build.0 = Release|Any CPU
		{B50B5B1F-175E-4F56-8200-76C06AFB30E2}.Debug|Any CPU.ActiveCfg = Debug|Any CPU
		{B50B5B1F-175E-4F56-8200-76C06AFB30E2}.Debug|Any CPU.Build.0 = Debug|Any CPU
		{B50B5B1F-175E-4F56-8200-76C06AFB30E2}.Release|Any CPU.ActiveCfg = Release|Any CPU
		{B50B5B1F-175E-4F56-8200-76C06AFB30E2}.Release|Any CPU.Build.0 = Release|Any CPU
		{622749AE-B107-42F8-877C-F21C7E1AFD97}.Debug|Any CPU.ActiveCfg = Debug|Any CPU
		{622749AE-B107-42F8-877C-F21C7E1AFD97}.Debug|Any CPU.Build.0 = Debug|Any CPU
		{622749AE-B107-42F8-877C-F21C7E1AFD97}.Release|Any CPU.ActiveCfg = Release|Any CPU
		{622749AE-B107-42F8-877C-F21C7E1AFD97}.Release|Any CPU.Build.0 = Release|Any CPU
		{0C9B5437-68C2-4932-8ECF-D30D237DD065}.Debug|Any CPU.ActiveCfg = Debug|Any CPU
		{0C9B5437-68C2-4932-8ECF-D30D237DD065}.Debug|Any CPU.Build.0 = Debug|Any CPU
		{0C9B5437-68C2-4932-8ECF-D30D237DD065}.Release|Any CPU.ActiveCfg = Release|Any CPU
		{0C9B5437-68C2-4932-8ECF-D30D237DD065}.Release|Any CPU.Build.0 = Release|Any CPU
		{21CC8E65-F0F3-4997-A8B4-9C9DAC0E1734}.Debug|Any CPU.ActiveCfg = Debug|Any CPU
		{21CC8E65-F0F3-4997-A8B4-9C9DAC0E1734}.Debug|Any CPU.Build.0 = Debug|Any CPU
		{21CC8E65-F0F3-4997-A8B4-9C9DAC0E1734}.Release|Any CPU.ActiveCfg = Release|Any CPU
		{21CC8E65-F0F3-4997-A8B4-9C9DAC0E1734}.Release|Any CPU.Build.0 = Release|Any CPU
		{8A16FCF8-00D0-462E-8990-01E8BDD8B98F}.Debug|Any CPU.ActiveCfg = Debug|Any CPU
		{8A16FCF8-00D0-462E-8990-01E8BDD8B98F}.Debug|Any CPU.Build.0 = Debug|Any CPU
		{8A16FCF8-00D0-462E-8990-01E8BDD8B98F}.Debug|Any CPU.Deploy.0 = Debug|Any CPU
		{8A16FCF8-00D0-462E-8990-01E8BDD8B98F}.Release|Any CPU.ActiveCfg = Release|Any CPU
		{8A16FCF8-00D0-462E-8990-01E8BDD8B98F}.Release|Any CPU.Build.0 = Release|Any CPU
		{8A16FCF8-00D0-462E-8990-01E8BDD8B98F}.Release|Any CPU.Deploy.0 = Release|Any CPU
		{5761C5AB-5408-4B44-84D7-E388F953869C}.Debug|Any CPU.ActiveCfg = Debug|Any CPU
		{5761C5AB-5408-4B44-84D7-E388F953869C}.Debug|Any CPU.Build.0 = Debug|Any CPU
		{5761C5AB-5408-4B44-84D7-E388F953869C}.Release|Any CPU.ActiveCfg = Release|Any CPU
		{5761C5AB-5408-4B44-84D7-E388F953869C}.Release|Any CPU.Build.0 = Release|Any CPU
		{AE74F59D-5E40-44A7-935A-3F6CD78A4DE4}.Debug|Any CPU.ActiveCfg = Debug|Any CPU
		{AE74F59D-5E40-44A7-935A-3F6CD78A4DE4}.Debug|Any CPU.Build.0 = Debug|Any CPU
		{AE74F59D-5E40-44A7-935A-3F6CD78A4DE4}.Release|Any CPU.ActiveCfg = Release|Any CPU
		{AE74F59D-5E40-44A7-935A-3F6CD78A4DE4}.Release|Any CPU.Build.0 = Release|Any CPU
		{C563661A-6754-4DA7-B8E6-8503E1ADAF82}.Debug|Any CPU.ActiveCfg = Debug|Any CPU
		{C563661A-6754-4DA7-B8E6-8503E1ADAF82}.Debug|Any CPU.Build.0 = Debug|Any CPU
		{C563661A-6754-4DA7-B8E6-8503E1ADAF82}.Release|Any CPU.ActiveCfg = Release|Any CPU
		{C563661A-6754-4DA7-B8E6-8503E1ADAF82}.Release|Any CPU.Build.0 = Release|Any CPU
		{3D9B7EA9-7C40-4ACA-B3EB-67EF023491BF}.Debug|Any CPU.ActiveCfg = Debug|Any CPU
		{3D9B7EA9-7C40-4ACA-B3EB-67EF023491BF}.Debug|Any CPU.Build.0 = Debug|Any CPU
		{3D9B7EA9-7C40-4ACA-B3EB-67EF023491BF}.Release|Any CPU.ActiveCfg = Release|Any CPU
		{3D9B7EA9-7C40-4ACA-B3EB-67EF023491BF}.Release|Any CPU.Build.0 = Release|Any CPU
	EndGlobalSection
	GlobalSection(SolutionProperties) = preSolution
		HideSolutionNode = FALSE
	EndGlobalSection
	GlobalSection(ExtensibilityGlobals) = postSolution
		SolutionGuid = {CA554B19-3412-4138-A7C4-41570CA833B7}
	EndGlobalSection
EndGlobal
