
Microsoft Visual Studio Solution File, Format Version 12.00
# Visual Studio Version 16
VisualStudioVersion = 16.0.28917.181
MinimumVisualStudioVersion = 10.0.40219.1
Project("{FAE04EC0-301F-11D3-BF4B-00C04F79EFBC}") = "PictureLibraryWPF", "PictureLibraryWPF\PictureLibraryWPF.csproj", "{45103DE6-9774-4F0F-9D12-D680C7A20988}"
	ProjectSection(ProjectDependencies) = postProject
		{294AFCCD-E5D3-4045-B944-BE2E908AD6F1} = {294AFCCD-E5D3-4045-B944-BE2E908AD6F1}
	EndProjectSection
EndProject
Project("{FAE04EC0-301F-11D3-BF4B-00C04F79EFBC}") = "PictureLibraryViewModel", "PictureLibraryViewModel\PictureLibraryViewModel.csproj", "{294AFCCD-E5D3-4045-B944-BE2E908AD6F1}"
EndProject
Project("{FAE04EC0-301F-11D3-BF4B-00C04F79EFBC}") = "PictureLibraryModel", "PictureLibraryModel\PictureLibraryModel.csproj", "{37A7E85E-7699-4E91-9E89-FE52A5A787D5}"
EndProject
Global
	GlobalSection(SolutionConfigurationPlatforms) = preSolution
		Debug|Any CPU = Debug|Any CPU
		Release|Any CPU = Release|Any CPU
	EndGlobalSection
	GlobalSection(ProjectConfigurationPlatforms) = postSolution
		{45103DE6-9774-4F0F-9D12-D680C7A20988}.Debug|Any CPU.ActiveCfg = Debug|Any CPU
		{45103DE6-9774-4F0F-9D12-D680C7A20988}.Debug|Any CPU.Build.0 = Debug|Any CPU
		{45103DE6-9774-4F0F-9D12-D680C7A20988}.Release|Any CPU.ActiveCfg = Release|Any CPU
		{45103DE6-9774-4F0F-9D12-D680C7A20988}.Release|Any CPU.Build.0 = Release|Any CPU
		{294AFCCD-E5D3-4045-B944-BE2E908AD6F1}.Debug|Any CPU.ActiveCfg = Debug|Any CPU
		{294AFCCD-E5D3-4045-B944-BE2E908AD6F1}.Debug|Any CPU.Build.0 = Debug|Any CPU
		{294AFCCD-E5D3-4045-B944-BE2E908AD6F1}.Release|Any CPU.ActiveCfg = Release|Any CPU
		{294AFCCD-E5D3-4045-B944-BE2E908AD6F1}.Release|Any CPU.Build.0 = Release|Any CPU
		{37A7E85E-7699-4E91-9E89-FE52A5A787D5}.Debug|Any CPU.ActiveCfg = Debug|Any CPU
		{37A7E85E-7699-4E91-9E89-FE52A5A787D5}.Debug|Any CPU.Build.0 = Debug|Any CPU
		{37A7E85E-7699-4E91-9E89-FE52A5A787D5}.Release|Any CPU.ActiveCfg = Release|Any CPU
		{37A7E85E-7699-4E91-9E89-FE52A5A787D5}.Release|Any CPU.Build.0 = Release|Any CPU
	EndGlobalSection
	GlobalSection(SolutionProperties) = preSolution
		HideSolutionNode = FALSE
	EndGlobalSection
	GlobalSection(ExtensibilityGlobals) = postSolution
		SolutionGuid = {CA554B19-3412-4138-A7C4-41570CA833B7}
	EndGlobalSection
EndGlobal
